
Microsoft Visual Studio Solution File, Format Version 12.00
# Visual Studio 14
VisualStudioVersion = 14.0.24720.0
MinimumVisualStudioVersion = 10.0.40219.1
Project("{FAE04EC0-301F-11D3-BF4B-00C04F79EFBC}") = "ViewsEmployee.Droid", "ViewsEmployee\ViewsEmployee.Droid\ViewsEmployee.Droid.csproj", "{11759DC2-E783-434B-9CA7-CFA81FD45ACA}"
EndProject
Project("{FAE04EC0-301F-11D3-BF4B-00C04F79EFBC}") = "ViewsEmployee.iOS", "ViewsEmployee\ViewsEmployee.iOS\ViewsEmployee.iOS.csproj", "{EA6C7D87-05A6-42CF-ACD3-F56B85B7D8E6}"
EndProject
Project("{FAE04EC0-301F-11D3-BF4B-00C04F79EFBC}") = "ViewsEmployee.WinPhone", "ViewsEmployee\ViewsEmployee.WinPhone\ViewsEmployee.WinPhone.csproj", "{E9F3F56B-C5CB-4DE2-97F7-56FCBE9E905B}"
EndProject
Project("{FAE04EC0-301F-11D3-BF4B-00C04F79EFBC}") = "ViewsEmployee", "ViewsEmployee\ViewsEmployee\ViewsEmployee.csproj", "{A2425003-8EFF-4B5A-A68D-5AD9167836E6}"
EndProject
Project("{2150E333-8FDC-42A3-9474-1A3956D46DE8}") = "Targets", "Targets", "{084B4851-2B2F-4AE5-8FAB-0BAD8AF70663}"
EndProject
Global
	GlobalSection(SolutionConfigurationPlatforms) = preSolution
		Ad-Hoc|Any CPU = Ad-Hoc|Any CPU
		Ad-Hoc|ARM = Ad-Hoc|ARM
		Ad-Hoc|iPhone = Ad-Hoc|iPhone
		Ad-Hoc|iPhoneSimulator = Ad-Hoc|iPhoneSimulator
		Ad-Hoc|x86 = Ad-Hoc|x86
		AppStore|Any CPU = AppStore|Any CPU
		AppStore|ARM = AppStore|ARM
		AppStore|iPhone = AppStore|iPhone
		AppStore|iPhoneSimulator = AppStore|iPhoneSimulator
		AppStore|x86 = AppStore|x86
		Debug|Any CPU = Debug|Any CPU
		Debug|ARM = Debug|ARM
		Debug|iPhone = Debug|iPhone
		Debug|iPhoneSimulator = Debug|iPhoneSimulator
		Debug|x86 = Debug|x86
		Release|Any CPU = Release|Any CPU
		Release|ARM = Release|ARM
		Release|iPhone = Release|iPhone
		Release|iPhoneSimulator = Release|iPhoneSimulator
		Release|x86 = Release|x86
	EndGlobalSection
	GlobalSection(ProjectConfigurationPlatforms) = postSolution
		{11759DC2-E783-434B-9CA7-CFA81FD45ACA}.Ad-Hoc|Any CPU.ActiveCfg = Release|Any CPU
		{11759DC2-E783-434B-9CA7-CFA81FD45ACA}.Ad-Hoc|Any CPU.Build.0 = Release|Any CPU
		{11759DC2-E783-434B-9CA7-CFA81FD45ACA}.Ad-Hoc|Any CPU.Deploy.0 = Release|Any CPU
		{11759DC2-E783-434B-9CA7-CFA81FD45ACA}.Ad-Hoc|ARM.ActiveCfg = Release|Any CPU
		{11759DC2-E783-434B-9CA7-CFA81FD45ACA}.Ad-Hoc|ARM.Build.0 = Release|Any CPU
		{11759DC2-E783-434B-9CA7-CFA81FD45ACA}.Ad-Hoc|ARM.Deploy.0 = Release|Any CPU
		{11759DC2-E783-434B-9CA7-CFA81FD45ACA}.Ad-Hoc|iPhone.ActiveCfg = Release|Any CPU
		{11759DC2-E783-434B-9CA7-CFA81FD45ACA}.Ad-Hoc|iPhone.Build.0 = Release|Any CPU
		{11759DC2-E783-434B-9CA7-CFA81FD45ACA}.Ad-Hoc|iPhone.Deploy.0 = Release|Any CPU
		{11759DC2-E783-434B-9CA7-CFA81FD45ACA}.Ad-Hoc|iPhoneSimulator.ActiveCfg = Release|Any CPU
		{11759DC2-E783-434B-9CA7-CFA81FD45ACA}.Ad-Hoc|iPhoneSimulator.Build.0 = Release|Any CPU
		{11759DC2-E783-434B-9CA7-CFA81FD45ACA}.Ad-Hoc|iPhoneSimulator.Deploy.0 = Release|Any CPU
		{11759DC2-E783-434B-9CA7-CFA81FD45ACA}.Ad-Hoc|x86.ActiveCfg = Release|Any CPU
		{11759DC2-E783-434B-9CA7-CFA81FD45ACA}.Ad-Hoc|x86.Build.0 = Release|Any CPU
		{11759DC2-E783-434B-9CA7-CFA81FD45ACA}.Ad-Hoc|x86.Deploy.0 = Release|Any CPU
		{11759DC2-E783-434B-9CA7-CFA81FD45ACA}.AppStore|Any CPU.ActiveCfg = Release|Any CPU
		{11759DC2-E783-434B-9CA7-CFA81FD45ACA}.AppStore|Any CPU.Build.0 = Release|Any CPU
		{11759DC2-E783-434B-9CA7-CFA81FD45ACA}.AppStore|Any CPU.Deploy.0 = Release|Any CPU
		{11759DC2-E783-434B-9CA7-CFA81FD45ACA}.AppStore|ARM.ActiveCfg = Release|Any CPU
		{11759DC2-E783-434B-9CA7-CFA81FD45ACA}.AppStore|ARM.Build.0 = Release|Any CPU
		{11759DC2-E783-434B-9CA7-CFA81FD45ACA}.AppStore|ARM.Deploy.0 = Release|Any CPU
		{11759DC2-E783-434B-9CA7-CFA81FD45ACA}.AppStore|iPhone.ActiveCfg = Release|Any CPU
		{11759DC2-E783-434B-9CA7-CFA81FD45ACA}.AppStore|iPhone.Build.0 = Release|Any CPU
		{11759DC2-E783-434B-9CA7-CFA81FD45ACA}.AppStore|iPhone.Deploy.0 = Release|Any CPU
		{11759DC2-E783-434B-9CA7-CFA81FD45ACA}.AppStore|iPhoneSimulator.ActiveCfg = Release|Any CPU
		{11759DC2-E783-434B-9CA7-CFA81FD45ACA}.AppStore|iPhoneSimulator.Build.0 = Release|Any CPU
		{11759DC2-E783-434B-9CA7-CFA81FD45ACA}.AppStore|iPhoneSimulator.Deploy.0 = Release|Any CPU
		{11759DC2-E783-434B-9CA7-CFA81FD45ACA}.AppStore|x86.ActiveCfg = Release|Any CPU
		{11759DC2-E783-434B-9CA7-CFA81FD45ACA}.AppStore|x86.Build.0 = Release|Any CPU
		{11759DC2-E783-434B-9CA7-CFA81FD45ACA}.AppStore|x86.Deploy.0 = Release|Any CPU
		{11759DC2-E783-434B-9CA7-CFA81FD45ACA}.Debug|Any CPU.ActiveCfg = Debug|Any CPU
		{11759DC2-E783-434B-9CA7-CFA81FD45ACA}.Debug|Any CPU.Build.0 = Debug|Any CPU
		{11759DC2-E783-434B-9CA7-CFA81FD45ACA}.Debug|Any CPU.Deploy.0 = Debug|Any CPU
		{11759DC2-E783-434B-9CA7-CFA81FD45ACA}.Debug|ARM.ActiveCfg = Debug|Any CPU
		{11759DC2-E783-434B-9CA7-CFA81FD45ACA}.Debug|ARM.Build.0 = Debug|Any CPU
		{11759DC2-E783-434B-9CA7-CFA81FD45ACA}.Debug|ARM.Deploy.0 = Debug|Any CPU
		{11759DC2-E783-434B-9CA7-CFA81FD45ACA}.Debug|iPhone.ActiveCfg = Debug|Any CPU
		{11759DC2-E783-434B-9CA7-CFA81FD45ACA}.Debug|iPhone.Build.0 = Debug|Any CPU
		{11759DC2-E783-434B-9CA7-CFA81FD45ACA}.Debug|iPhone.Deploy.0 = Debug|Any CPU
		{11759DC2-E783-434B-9CA7-CFA81FD45ACA}.Debug|iPhoneSimulator.ActiveCfg = Debug|Any CPU
		{11759DC2-E783-434B-9CA7-CFA81FD45ACA}.Debug|iPhoneSimulator.Build.0 = Debug|Any CPU
		{11759DC2-E783-434B-9CA7-CFA81FD45ACA}.Debug|iPhoneSimulator.Deploy.0 = Debug|Any CPU
		{11759DC2-E783-434B-9CA7-CFA81FD45ACA}.Debug|x86.ActiveCfg = Debug|Any CPU
		{11759DC2-E783-434B-9CA7-CFA81FD45ACA}.Debug|x86.Build.0 = Debug|Any CPU
		{11759DC2-E783-434B-9CA7-CFA81FD45ACA}.Debug|x86.Deploy.0 = Debug|Any CPU
		{11759DC2-E783-434B-9CA7-CFA81FD45ACA}.Release|Any CPU.ActiveCfg = Release|Any CPU
		{11759DC2-E783-434B-9CA7-CFA81FD45ACA}.Release|Any CPU.Build.0 = Release|Any CPU
		{11759DC2-E783-434B-9CA7-CFA81FD45ACA}.Release|Any CPU.Deploy.0 = Release|Any CPU
		{11759DC2-E783-434B-9CA7-CFA81FD45ACA}.Release|ARM.ActiveCfg = Release|Any CPU
		{11759DC2-E783-434B-9CA7-CFA81FD45ACA}.Release|ARM.Build.0 = Release|Any CPU
		{11759DC2-E783-434B-9CA7-CFA81FD45ACA}.Release|ARM.Deploy.0 = Release|Any CPU
		{11759DC2-E783-434B-9CA7-CFA81FD45ACA}.Release|iPhone.ActiveCfg = Release|Any CPU
		{11759DC2-E783-434B-9CA7-CFA81FD45ACA}.Release|iPhone.Build.0 = Release|Any CPU
		{11759DC2-E783-434B-9CA7-CFA81FD45ACA}.Release|iPhone.Deploy.0 = Release|Any CPU
		{11759DC2-E783-434B-9CA7-CFA81FD45ACA}.Release|iPhoneSimulator.ActiveCfg = Release|Any CPU
		{11759DC2-E783-434B-9CA7-CFA81FD45ACA}.Release|iPhoneSimulator.Build.0 = Release|Any CPU
		{11759DC2-E783-434B-9CA7-CFA81FD45ACA}.Release|iPhoneSimulator.Deploy.0 = Release|Any CPU
		{11759DC2-E783-434B-9CA7-CFA81FD45ACA}.Release|x86.ActiveCfg = Release|Any CPU
		{11759DC2-E783-434B-9CA7-CFA81FD45ACA}.Release|x86.Build.0 = Release|Any CPU
		{11759DC2-E783-434B-9CA7-CFA81FD45ACA}.Release|x86.Deploy.0 = Release|Any CPU
		{EA6C7D87-05A6-42CF-ACD3-F56B85B7D8E6}.Ad-Hoc|Any CPU.ActiveCfg = Ad-Hoc|iPhone
		{EA6C7D87-05A6-42CF-ACD3-F56B85B7D8E6}.Ad-Hoc|ARM.ActiveCfg = Ad-Hoc|iPhone
		{EA6C7D87-05A6-42CF-ACD3-F56B85B7D8E6}.Ad-Hoc|iPhone.ActiveCfg = Ad-Hoc|iPhone
		{EA6C7D87-05A6-42CF-ACD3-F56B85B7D8E6}.Ad-Hoc|iPhone.Build.0 = Ad-Hoc|iPhone
		{EA6C7D87-05A6-42CF-ACD3-F56B85B7D8E6}.Ad-Hoc|iPhoneSimulator.ActiveCfg = Ad-Hoc|iPhoneSimulator
		{EA6C7D87-05A6-42CF-ACD3-F56B85B7D8E6}.Ad-Hoc|iPhoneSimulator.Build.0 = Ad-Hoc|iPhoneSimulator
		{EA6C7D87-05A6-42CF-ACD3-F56B85B7D8E6}.Ad-Hoc|x86.ActiveCfg = Ad-Hoc|iPhone
		{EA6C7D87-05A6-42CF-ACD3-F56B85B7D8E6}.AppStore|Any CPU.ActiveCfg = AppStore|iPhone
		{EA6C7D87-05A6-42CF-ACD3-F56B85B7D8E6}.AppStore|ARM.ActiveCfg = AppStore|iPhone
		{EA6C7D87-05A6-42CF-ACD3-F56B85B7D8E6}.AppStore|iPhone.ActiveCfg = AppStore|iPhone
		{EA6C7D87-05A6-42CF-ACD3-F56B85B7D8E6}.AppStore|iPhone.Build.0 = AppStore|iPhone
		{EA6C7D87-05A6-42CF-ACD3-F56B85B7D8E6}.AppStore|iPhoneSimulator.ActiveCfg = AppStore|iPhoneSimulator
		{EA6C7D87-05A6-42CF-ACD3-F56B85B7D8E6}.AppStore|iPhoneSimulator.Build.0 = AppStore|iPhoneSimulator
		{EA6C7D87-05A6-42CF-ACD3-F56B85B7D8E6}.AppStore|x86.ActiveCfg = AppStore|iPhone
		{EA6C7D87-05A6-42CF-ACD3-F56B85B7D8E6}.Debug|Any CPU.ActiveCfg = Debug|iPhone
		{EA6C7D87-05A6-42CF-ACD3-F56B85B7D8E6}.Debug|ARM.ActiveCfg = Debug|iPhone
		{EA6C7D87-05A6-42CF-ACD3-F56B85B7D8E6}.Debug|iPhone.ActiveCfg = Debug|iPhone
		{EA6C7D87-05A6-42CF-ACD3-F56B85B7D8E6}.Debug|iPhone.Build.0 = Debug|iPhone
		{EA6C7D87-05A6-42CF-ACD3-F56B85B7D8E6}.Debug|iPhoneSimulator.ActiveCfg = Debug|iPhoneSimulator
		{EA6C7D87-05A6-42CF-ACD3-F56B85B7D8E6}.Debug|iPhoneSimulator.Build.0 = Debug|iPhoneSimulator
		{EA6C7D87-05A6-42CF-ACD3-F56B85B7D8E6}.Debug|x86.ActiveCfg = Debug|iPhone
		{EA6C7D87-05A6-42CF-ACD3-F56B85B7D8E6}.Release|Any CPU.ActiveCfg = Release|iPhone
		{EA6C7D87-05A6-42CF-ACD3-F56B85B7D8E6}.Release|ARM.ActiveCfg = Release|iPhone
		{EA6C7D87-05A6-42CF-ACD3-F56B85B7D8E6}.Release|iPhone.ActiveCfg = Release|iPhone
		{EA6C7D87-05A6-42CF-ACD3-F56B85B7D8E6}.Release|iPhone.Build.0 = Release|iPhone
		{EA6C7D87-05A6-42CF-ACD3-F56B85B7D8E6}.Release|iPhoneSimulator.ActiveCfg = Release|iPhoneSimulator
		{EA6C7D87-05A6-42CF-ACD3-F56B85B7D8E6}.Release|iPhoneSimulator.Build.0 = Release|iPhoneSimulator
		{EA6C7D87-05A6-42CF-ACD3-F56B85B7D8E6}.Release|x86.ActiveCfg = Release|iPhone
		{E9F3F56B-C5CB-4DE2-97F7-56FCBE9E905B}.Ad-Hoc|Any CPU.ActiveCfg = Release|Any CPU
		{E9F3F56B-C5CB-4DE2-97F7-56FCBE9E905B}.Ad-Hoc|Any CPU.Build.0 = Release|Any CPU
		{E9F3F56B-C5CB-4DE2-97F7-56FCBE9E905B}.Ad-Hoc|Any CPU.Deploy.0 = Release|Any CPU
		{E9F3F56B-C5CB-4DE2-97F7-56FCBE9E905B}.Ad-Hoc|ARM.ActiveCfg = Release|ARM
		{E9F3F56B-C5CB-4DE2-97F7-56FCBE9E905B}.Ad-Hoc|ARM.Build.0 = Release|ARM
		{E9F3F56B-C5CB-4DE2-97F7-56FCBE9E905B}.Ad-Hoc|ARM.Deploy.0 = Release|ARM
		{E9F3F56B-C5CB-4DE2-97F7-56FCBE9E905B}.Ad-Hoc|iPhone.ActiveCfg = Release|Any CPU
		{E9F3F56B-C5CB-4DE2-97F7-56FCBE9E905B}.Ad-Hoc|iPhone.Build.0 = Release|Any CPU
		{E9F3F56B-C5CB-4DE2-97F7-56FCBE9E905B}.Ad-Hoc|iPhone.Deploy.0 = Release|Any CPU
		{E9F3F56B-C5CB-4DE2-97F7-56FCBE9E905B}.Ad-Hoc|iPhoneSimulator.ActiveCfg = Release|Any CPU
		{E9F3F56B-C5CB-4DE2-97F7-56FCBE9E905B}.Ad-Hoc|iPhoneSimulator.Build.0 = Release|Any CPU
		{E9F3F56B-C5CB-4DE2-97F7-56FCBE9E905B}.Ad-Hoc|iPhoneSimulator.Deploy.0 = Release|Any CPU
		{E9F3F56B-C5CB-4DE2-97F7-56FCBE9E905B}.Ad-Hoc|x86.ActiveCfg = Release|x86
		{E9F3F56B-C5CB-4DE2-97F7-56FCBE9E905B}.Ad-Hoc|x86.Build.0 = Release|x86
		{E9F3F56B-C5CB-4DE2-97F7-56FCBE9E905B}.Ad-Hoc|x86.Deploy.0 = Release|x86
		{E9F3F56B-C5CB-4DE2-97F7-56FCBE9E905B}.AppStore|Any CPU.ActiveCfg = Release|Any CPU
		{E9F3F56B-C5CB-4DE2-97F7-56FCBE9E905B}.AppStore|Any CPU.Build.0 = Release|Any CPU
		{E9F3F56B-C5CB-4DE2-97F7-56FCBE9E905B}.AppStore|Any CPU.Deploy.0 = Release|Any CPU
		{E9F3F56B-C5CB-4DE2-97F7-56FCBE9E905B}.AppStore|ARM.ActiveCfg = Release|ARM
		{E9F3F56B-C5CB-4DE2-97F7-56FCBE9E905B}.AppStore|ARM.Build.0 = Release|ARM
		{E9F3F56B-C5CB-4DE2-97F7-56FCBE9E905B}.AppStore|ARM.Deploy.0 = Release|ARM
		{E9F3F56B-C5CB-4DE2-97F7-56FCBE9E905B}.AppStore|iPhone.ActiveCfg = Release|Any CPU
		{E9F3F56B-C5CB-4DE2-97F7-56FCBE9E905B}.AppStore|iPhone.Build.0 = Release|Any CPU
		{E9F3F56B-C5CB-4DE2-97F7-56FCBE9E905B}.AppStore|iPhone.Deploy.0 = Release|Any CPU
		{E9F3F56B-C5CB-4DE2-97F7-56FCBE9E905B}.AppStore|iPhoneSimulator.ActiveCfg = Release|Any CPU
		{E9F3F56B-C5CB-4DE2-97F7-56FCBE9E905B}.AppStore|iPhoneSimulator.Build.0 = Release|Any CPU
		{E9F3F56B-C5CB-4DE2-97F7-56FCBE9E905B}.AppStore|iPhoneSimulator.Deploy.0 = Release|Any CPU
		{E9F3F56B-C5CB-4DE2-97F7-56FCBE9E905B}.AppStore|x86.ActiveCfg = Release|x86
		{E9F3F56B-C5CB-4DE2-97F7-56FCBE9E905B}.AppStore|x86.Build.0 = Release|x86
		{E9F3F56B-C5CB-4DE2-97F7-56FCBE9E905B}.AppStore|x86.Deploy.0 = Release|x86
		{E9F3F56B-C5CB-4DE2-97F7-56FCBE9E905B}.Debug|Any CPU.ActiveCfg = Debug|Any CPU
		{E9F3F56B-C5CB-4DE2-97F7-56FCBE9E905B}.Debug|Any CPU.Build.0 = Debug|Any CPU
		{E9F3F56B-C5CB-4DE2-97F7-56FCBE9E905B}.Debug|Any CPU.Deploy.0 = Debug|Any CPU
		{E9F3F56B-C5CB-4DE2-97F7-56FCBE9E905B}.Debug|ARM.ActiveCfg = Debug|ARM
		{E9F3F56B-C5CB-4DE2-97F7-56FCBE9E905B}.Debug|ARM.Build.0 = Debug|ARM
		{E9F3F56B-C5CB-4DE2-97F7-56FCBE9E905B}.Debug|ARM.Deploy.0 = Debug|ARM
		{E9F3F56B-C5CB-4DE2-97F7-56FCBE9E905B}.Debug|iPhone.ActiveCfg = Debug|Any CPU
		{E9F3F56B-C5CB-4DE2-97F7-56FCBE9E905B}.Debug|iPhone.Build.0 = Debug|Any CPU
		{E9F3F56B-C5CB-4DE2-97F7-56FCBE9E905B}.Debug|iPhone.Deploy.0 = Debug|Any CPU
		{E9F3F56B-C5CB-4DE2-97F7-56FCBE9E905B}.Debug|iPhoneSimulator.ActiveCfg = Debug|Any CPU
		{E9F3F56B-C5CB-4DE2-97F7-56FCBE9E905B}.Debug|iPhoneSimulator.Build.0 = Debug|Any CPU
		{E9F3F56B-C5CB-4DE2-97F7-56FCBE9E905B}.Debug|iPhoneSimulator.Deploy.0 = Debug|Any CPU
		{E9F3F56B-C5CB-4DE2-97F7-56FCBE9E905B}.Debug|x86.ActiveCfg = Debug|x86
		{E9F3F56B-C5CB-4DE2-97F7-56FCBE9E905B}.Debug|x86.Build.0 = Debug|x86
		{E9F3F56B-C5CB-4DE2-97F7-56FCBE9E905B}.Debug|x86.Deploy.0 = Debug|x86
		{E9F3F56B-C5CB-4DE2-97F7-56FCBE9E905B}.Release|Any CPU.ActiveCfg = Release|Any CPU
		{E9F3F56B-C5CB-4DE2-97F7-56FCBE9E905B}.Release|Any CPU.Build.0 = Release|Any CPU
		{E9F3F56B-C5CB-4DE2-97F7-56FCBE9E905B}.Release|Any CPU.Deploy.0 = Release|Any CPU
		{E9F3F56B-C5CB-4DE2-97F7-56FCBE9E905B}.Release|ARM.ActiveCfg = Release|ARM
		{E9F3F56B-C5CB-4DE2-97F7-56FCBE9E905B}.Release|ARM.Build.0 = Release|ARM
		{E9F3F56B-C5CB-4DE2-97F7-56FCBE9E905B}.Release|ARM.Deploy.0 = Release|ARM
		{E9F3F56B-C5CB-4DE2-97F7-56FCBE9E905B}.Release|iPhone.ActiveCfg = Release|Any CPU
		{E9F3F56B-C5CB-4DE2-97F7-56FCBE9E905B}.Release|iPhone.Build.0 = Release|Any CPU
		{E9F3F56B-C5CB-4DE2-97F7-56FCBE9E905B}.Release|iPhone.Deploy.0 = Release|Any CPU
		{E9F3F56B-C5CB-4DE2-97F7-56FCBE9E905B}.Release|iPhoneSimulator.ActiveCfg = Release|Any CPU
		{E9F3F56B-C5CB-4DE2-97F7-56FCBE9E905B}.Release|iPhoneSimulator.Build.0 = Release|Any CPU
		{E9F3F56B-C5CB-4DE2-97F7-56FCBE9E905B}.Release|iPhoneSimulator.Deploy.0 = Release|Any CPU
		{E9F3F56B-C5CB-4DE2-97F7-56FCBE9E905B}.Release|x86.ActiveCfg = Release|x86
		{E9F3F56B-C5CB-4DE2-97F7-56FCBE9E905B}.Release|x86.Build.0 = Release|x86
		{E9F3F56B-C5CB-4DE2-97F7-56FCBE9E905B}.Release|x86.Deploy.0 = Release|x86
		{A2425003-8EFF-4B5A-A68D-5AD9167836E6}.Ad-Hoc|Any CPU.ActiveCfg = Release|Any CPU
		{A2425003-8EFF-4B5A-A68D-5AD9167836E6}.Ad-Hoc|Any CPU.Build.0 = Release|Any CPU
		{A2425003-8EFF-4B5A-A68D-5AD9167836E6}.Ad-Hoc|ARM.ActiveCfg = Release|Any CPU
		{A2425003-8EFF-4B5A-A68D-5AD9167836E6}.Ad-Hoc|ARM.Build.0 = Release|Any CPU
		{A2425003-8EFF-4B5A-A68D-5AD9167836E6}.Ad-Hoc|iPhone.ActiveCfg = Release|Any CPU
		{A2425003-8EFF-4B5A-A68D-5AD9167836E6}.Ad-Hoc|iPhone.Build.0 = Release|Any CPU
		{A2425003-8EFF-4B5A-A68D-5AD9167836E6}.Ad-Hoc|iPhoneSimulator.ActiveCfg = Release|Any CPU
		{A2425003-8EFF-4B5A-A68D-5AD9167836E6}.Ad-Hoc|iPhoneSimulator.Build.0 = Release|Any CPU
		{A2425003-8EFF-4B5A-A68D-5AD9167836E6}.Ad-Hoc|x86.ActiveCfg = Release|Any CPU
		{A2425003-8EFF-4B5A-A68D-5AD9167836E6}.Ad-Hoc|x86.Build.0 = Release|Any CPU
		{A2425003-8EFF-4B5A-A68D-5AD9167836E6}.AppStore|Any CPU.ActiveCfg = Release|Any CPU
		{A2425003-8EFF-4B5A-A68D-5AD9167836E6}.AppStore|Any CPU.Build.0 = Release|Any CPU
		{A2425003-8EFF-4B5A-A68D-5AD9167836E6}.AppStore|ARM.ActiveCfg = Release|Any CPU
		{A2425003-8EFF-4B5A-A68D-5AD9167836E6}.AppStore|ARM.Build.0 = Release|Any CPU
		{A2425003-8EFF-4B5A-A68D-5AD9167836E6}.AppStore|iPhone.ActiveCfg = Release|Any CPU
		{A2425003-8EFF-4B5A-A68D-5AD9167836E6}.AppStore|iPhone.Build.0 = Release|Any CPU
		{A2425003-8EFF-4B5A-A68D-5AD9167836E6}.AppStore|iPhoneSimulator.ActiveCfg = Release|Any CPU
		{A2425003-8EFF-4B5A-A68D-5AD9167836E6}.AppStore|iPhoneSimulator.Build.0 = Release|Any CPU
		{A2425003-8EFF-4B5A-A68D-5AD9167836E6}.AppStore|x86.ActiveCfg = Release|Any CPU
		{A2425003-8EFF-4B5A-A68D-5AD9167836E6}.AppStore|x86.Build.0 = Release|Any CPU
		{A2425003-8EFF-4B5A-A68D-5AD9167836E6}.Debug|Any CPU.ActiveCfg = Debug|Any CPU
		{A2425003-8EFF-4B5A-A68D-5AD9167836E6}.Debug|Any CPU.Build.0 = Debug|Any CPU
		{A2425003-8EFF-4B5A-A68D-5AD9167836E6}.Debug|ARM.ActiveCfg = Debug|Any CPU
		{A2425003-8EFF-4B5A-A68D-5AD9167836E6}.Debug|ARM.Build.0 = Debug|Any CPU
		{A2425003-8EFF-4B5A-A68D-5AD9167836E6}.Debug|iPhone.ActiveCfg = Debug|Any CPU
		{A2425003-8EFF-4B5A-A68D-5AD9167836E6}.Debug|iPhone.Build.0 = Debug|Any CPU
		{A2425003-8EFF-4B5A-A68D-5AD9167836E6}.Debug|iPhoneSimulator.ActiveCfg = Debug|Any CPU
		{A2425003-8EFF-4B5A-A68D-5AD9167836E6}.Debug|iPhoneSimulator.Build.0 = Debug|Any CPU
		{A2425003-8EFF-4B5A-A68D-5AD9167836E6}.Debug|x86.ActiveCfg = Debug|Any CPU
		{A2425003-8EFF-4B5A-A68D-5AD9167836E6}.Debug|x86.Build.0 = Debug|Any CPU
		{A2425003-8EFF-4B5A-A68D-5AD9167836E6}.Release|Any CPU.ActiveCfg = Release|Any CPU
		{A2425003-8EFF-4B5A-A68D-5AD9167836E6}.Release|Any CPU.Build.0 = Release|Any CPU
		{A2425003-8EFF-4B5A-A68D-5AD9167836E6}.Release|ARM.ActiveCfg = Release|Any CPU
		{A2425003-8EFF-4B5A-A68D-5AD9167836E6}.Release|ARM.Build.0 = Release|Any CPU
		{A2425003-8EFF-4B5A-A68D-5AD9167836E6}.Release|iPhone.ActiveCfg = Release|Any CPU
		{A2425003-8EFF-4B5A-A68D-5AD9167836E6}.Release|iPhone.Build.0 = Release|Any CPU
		{A2425003-8EFF-4B5A-A68D-5AD9167836E6}.Release|iPhoneSimulator.ActiveCfg = Release|Any CPU
		{A2425003-8EFF-4B5A-A68D-5AD9167836E6}.Release|iPhoneSimulator.Build.0 = Release|Any CPU
		{A2425003-8EFF-4B5A-A68D-5AD9167836E6}.Release|x86.ActiveCfg = Release|Any CPU
		{A2425003-8EFF-4B5A-A68D-5AD9167836E6}.Release|x86.Build.0 = Release|Any CPU
	EndGlobalSection
	GlobalSection(SolutionProperties) = preSolution
		HideSolutionNode = FALSE
	EndGlobalSection
	GlobalSection(NestedProjects) = preSolution
		{11759DC2-E783-434B-9CA7-CFA81FD45ACA} = {084B4851-2B2F-4AE5-8FAB-0BAD8AF70663}
		{EA6C7D87-05A6-42CF-ACD3-F56B85B7D8E6} = {084B4851-2B2F-4AE5-8FAB-0BAD8AF70663}
		{E9F3F56B-C5CB-4DE2-97F7-56FCBE9E905B} = {084B4851-2B2F-4AE5-8FAB-0BAD8AF70663}
	EndGlobalSection
EndGlobal
